// !$*UTF8*$!
{
	archiveVersion = 1;
	classes = {
	};
	objectVersion = 50;
	objects = {

/* Begin PBXBuildFile section */
		BF07571F272D9DBF00888D55 /* DecoteTestApp.swift in Sources */ = {isa = PBXBuildFile; fileRef = BF07571E272D9DBF00888D55 /* DecoteTestApp.swift */; };
		BF075721272D9DBF00888D55 /* ContentView.swift in Sources */ = {isa = PBXBuildFile; fileRef = BF075720272D9DBF00888D55 /* ContentView.swift */; };
		BF075723272D9DCE00888D55 /* Assets.xcassets in Resources */ = {isa = PBXBuildFile; fileRef = BF075722272D9DCE00888D55 /* Assets.xcassets */; };
		BF075726272D9DCE00888D55 /* Preview Assets.xcassets in Resources */ = {isa = PBXBuildFile; fileRef = BF075725272D9DCE00888D55 /* Preview Assets.xcassets */; };
		BF075728272D9DCE00888D55 /* Persistence.swift in Sources */ = {isa = PBXBuildFile; fileRef = BF075727272D9DCE00888D55 /* Persistence.swift */; };
		BF07572B272D9DCE00888D55 /* DecoteTest.xcdatamodeld in Sources */ = {isa = PBXBuildFile; fileRef = BF075729272D9DCE00888D55 /* DecoteTest.xcdatamodeld */; };
		BF075735272D9E2D00888D55 /* sound-ding.mp3 in Resources */ = {isa = PBXBuildFile; fileRef = BF075732272D9E2C00888D55 /* sound-ding.mp3 */; };
		BF075736272D9E2D00888D55 /* sound-tap.mp3 in Resources */ = {isa = PBXBuildFile; fileRef = BF075733272D9E2D00888D55 /* sound-tap.mp3 */; };
		BF075737272D9E2D00888D55 /* sound-rise.mp3 in Resources */ = {isa = PBXBuildFile; fileRef = BF075734272D9E2D00888D55 /* sound-rise.mp3 */; };
		BF075742272DAD1C00888D55 /* Constnant.swift in Sources */ = {isa = PBXBuildFile; fileRef = BF075741272DAD1C00888D55 /* Constnant.swift */; };
		BF419B46272DBC5500088D07 /* HideKboardExtension.swift in Sources */ = {isa = PBXBuildFile; fileRef = BF419B45272DBC5500088D07 /* HideKboardExtension.swift */; };
/* End PBXBuildFile section */

/* Begin PBXFileReference section */
		BF07571B272D9DBF00888D55 /* DecoteTest.app */ = {isa = PBXFileReference; explicitFileType = wrapper.application; includeInIndex = 0; path = DecoteTest.app; sourceTree = BUILT_PRODUCTS_DIR; };
		BF07571E272D9DBF00888D55 /* DecoteTestApp.swift */ = {isa = PBXFileReference; lastKnownFileType = sourcecode.swift; path = DecoteTestApp.swift; sourceTree = "<group>"; };
		BF075720272D9DBF00888D55 /* ContentView.swift */ = {isa = PBXFileReference; lastKnownFileType = sourcecode.swift; path = ContentView.swift; sourceTree = "<group>"; };
		BF075722272D9DCE00888D55 /* Assets.xcassets */ = {isa = PBXFileReference; lastKnownFileType = folder.assetcatalog; path = Assets.xcassets; sourceTree = "<group>"; };
		BF075725272D9DCE00888D55 /* Preview Assets.xcassets */ = {isa = PBXFileReference; lastKnownFileType = folder.assetcatalog; path = "Preview Assets.xcassets"; sourceTree = "<group>"; };
		BF075727272D9DCE00888D55 /* Persistence.swift */ = {isa = PBXFileReference; lastKnownFileType = sourcecode.swift; path = Persistence.swift; sourceTree = "<group>"; };
		BF07572A272D9DCE00888D55 /* DecoteTest.xcdatamodel */ = {isa = PBXFileReference; lastKnownFileType = wrapper.xcdatamodel; path = DecoteTest.xcdatamodel; sourceTree = "<group>"; };
		BF07572C272D9DCE00888D55 /* Info.plist */ = {isa = PBXFileReference; lastKnownFileType = text.plist.xml; path = Info.plist; sourceTree = "<group>"; };
		BF075732272D9E2C00888D55 /* sound-ding.mp3 */ = {isa = PBXFileReference; lastKnownFileType = audio.mp3; path = "sound-ding.mp3"; sourceTree = "<group>"; };
		BF075733272D9E2D00888D55 /* sound-tap.mp3 */ = {isa = PBXFileReference; lastKnownFileType = audio.mp3; path = "sound-tap.mp3"; sourceTree = "<group>"; };
		BF075734272D9E2D00888D55 /* sound-rise.mp3 */ = {isa = PBXFileReference; lastKnownFileType = audio.mp3; path = "sound-rise.mp3"; sourceTree = "<group>"; };
		BF075741272DAD1C00888D55 /* Constnant.swift */ = {isa = PBXFileReference; lastKnownFileType = sourcecode.swift; path = Constnant.swift; sourceTree = "<group>"; };
		BF419B45272DBC5500088D07 /* HideKboardExtension.swift */ = {isa = PBXFileReference; lastKnownFileType = sourcecode.swift; path = HideKboardExtension.swift; sourceTree = "<group>"; };
/* End PBXFileReference section */

/* Begin PBXFrameworksBuildPhase section */
		BF075718272D9DBF00888D55 /* Frameworks */ = {
			isa = PBXFrameworksBuildPhase;
			buildActionMask = 2147483647;
			files = (
			);
			runOnlyForDeploymentPostprocessing = 0;
		};
/* End PBXFrameworksBuildPhase section */

/* Begin PBXGroup section */
		BF075712272D9DBF00888D55 = {
			isa = PBXGroup;
			children = (
				BF07571D272D9DBF00888D55 /* DecoteTest */,
				BF07571C272D9DBF00888D55 /* Products */,
			);
			sourceTree = "<group>";
		};
		BF07571C272D9DBF00888D55 /* Products */ = {
			isa = PBXGroup;
			children = (
				BF07571B272D9DBF00888D55 /* DecoteTest.app */,
			);
			name = Products;
			sourceTree = "<group>";
		};
		BF07571D272D9DBF00888D55 /* DecoteTest */ = {
			isa = PBXGroup;
			children = (
				BF07573C272D9E7600888D55 /* Utility */,
				BF07573B272D9E6E00888D55 /* Extension */,
				BF07573A272D9E4C00888D55 /* Model */,
				BF075738272D9E3100888D55 /* Sound */,
				BF07571E272D9DBF00888D55 /* DecoteTestApp.swift */,
				BF075739272D9E4200888D55 /* View */,
				BF075722272D9DCE00888D55 /* Assets.xcassets */,
				BF07572C272D9DCE00888D55 /* Info.plist */,
				BF075724272D9DCE00888D55 /* Preview Content */,
			);
			path = DecoteTest;
			sourceTree = "<group>";
		};
		BF075724272D9DCE00888D55 /* Preview Content */ = {
			isa = PBXGroup;
			children = (
				BF075725272D9DCE00888D55 /* Preview Assets.xcassets */,
			);
			path = "Preview Content";
			sourceTree = "<group>";
		};
		BF075738272D9E3100888D55 /* Sound */ = {
			isa = PBXGroup;
			children = (
				BF075732272D9E2C00888D55 /* sound-ding.mp3 */,
				BF075734272D9E2D00888D55 /* sound-rise.mp3 */,
				BF075733272D9E2D00888D55 /* sound-tap.mp3 */,
			);
			path = Sound;
			sourceTree = "<group>";
		};
		BF075739272D9E4200888D55 /* View */ = {
			isa = PBXGroup;
			children = (
				BF075720272D9DBF00888D55 /* ContentView.swift */,
			);
			path = View;
			sourceTree = "<group>";
		};
		BF07573A272D9E4C00888D55 /* Model */ = {
			isa = PBXGroup;
			children = (
				BF075727272D9DCE00888D55 /* Persistence.swift */,
				BF075729272D9DCE00888D55 /* DecoteTest.xcdatamodeld */,
			);
			path = Model;
			sourceTree = "<group>";
		};
		BF07573B272D9E6E00888D55 /* Extension */ = {
			isa = PBXGroup;
			children = (
				BF419B45272DBC5500088D07 /* HideKboardExtension.swift */,
			);
			path = Extension;
			sourceTree = "<group>";
		};
		BF07573C272D9E7600888D55 /* Utility */ = {
			isa = PBXGroup;
			children = (
				BF075741272DAD1C00888D55 /* Constnant.swift */,
			);
			path = Utility;
			sourceTree = "<group>";
		};
/* End PBXGroup section */

/* Begin PBXNativeTarget section */
		BF07571A272D9DBF00888D55 /* DecoteTest */ = {
			isa = PBXNativeTarget;
			buildConfigurationList = BF07572F272D9DCE00888D55 /* Build configuration list for PBXNativeTarget "DecoteTest" */;
			buildPhases = (
				BF075717272D9DBF00888D55 /* Sources */,
				BF075718272D9DBF00888D55 /* Frameworks */,
				BF075719272D9DBF00888D55 /* Resources */,
			);
			buildRules = (
			);
			dependencies = (
			);
			name = DecoteTest;
			productName = DecoteTest;
			productReference = BF07571B272D9DBF00888D55 /* DecoteTest.app */;
			productType = "com.apple.product-type.application";
		};
/* End PBXNativeTarget section */

/* Begin PBXProject section */
		BF075713272D9DBF00888D55 /* Project object */ = {
			isa = PBXProject;
			attributes = {
				LastSwiftUpdateCheck = 1250;
				LastUpgradeCheck = 1250;
				TargetAttributes = {
					BF07571A272D9DBF00888D55 = {
						CreatedOnToolsVersion = 12.5;
					};
				};
			};
			buildConfigurationList = BF075716272D9DBF00888D55 /* Build configuration list for PBXProject "DecoteTest" */;
			compatibilityVersion = "Xcode 9.3";
			developmentRegion = en;
			hasScannedForEncodings = 0;
			knownRegions = (
				en,
				Base,
			);
			mainGroup = BF075712272D9DBF00888D55;
			productRefGroup = BF07571C272D9DBF00888D55 /* Products */;
			projectDirPath = "";
			projectRoot = "";
			targets = (
				BF07571A272D9DBF00888D55 /* DecoteTest */,
			);
		};
/* End PBXProject section */

/* Begin PBXResourcesBuildPhase section */
		BF075719272D9DBF00888D55 /* Resources */ = {
			isa = PBXResourcesBuildPhase;
			buildActionMask = 2147483647;
			files = (
				BF075737272D9E2D00888D55 /* sound-rise.mp3 in Resources */,
				BF075726272D9DCE00888D55 /* Preview Assets.xcassets in Resources */,
				BF075723272D9DCE00888D55 /* Assets.xcassets in Resources */,
				BF075736272D9E2D00888D55 /* sound-tap.mp3 in Resources */,
				BF075735272D9E2D00888D55 /* sound-ding.mp3 in Resources */,
			);
			runOnlyForDeploymentPostprocessing = 0;
		};
/* End PBXResourcesBuildPhase section */

/* Begin PBXSourcesBuildPhase section */
		BF075717272D9DBF00888D55 /* Sources */ = {
			isa = PBXSourcesBuildPhase;
			buildActionMask = 2147483647;
			files = (
				BF075728272D9DCE00888D55 /* Persistence.swift in Sources */,
				BF075742272DAD1C00888D55 /* Constnant.swift in Sources */,
				BF419B46272DBC5500088D07 /* HideKboardExtension.swift in Sources */,
				BF075721272D9DBF00888D55 /* ContentView.swift in Sources */,
				BF07571F272D9DBF00888D55 /* DecoteTestApp.swift in Sources */,
				BF07572B272D9DCE00888D55 /* DecoteTest.xcdatamodeld in Sources */,
			);
			runOnlyForDeploymentPostprocessing = 0;
		};
/* End PBXSourcesBuildPhase section */

/* Begin XCBuildConfiguration section */
		BF07572D272D9DCE00888D55 /* Debug */ = {
			isa = XCBuildConfiguration;
			buildSettings = {
				ALWAYS_SEARCH_USER_PATHS = NO;
				CLANG_ANALYZER_NONNULL = YES;
				CLANG_ANALYZER_NUMBER_OBJECT_CONVERSION = YES_AGGRESSIVE;
				CLANG_CXX_LANGUAGE_STANDARD = "gnu++14";
				CLANG_CXX_LIBRARY = "libc++";
				CLANG_ENABLE_MODULES = YES;
				CLANG_ENABLE_OBJC_ARC = YES;
				CLANG_ENABLE_OBJC_WEAK = YES;
				CLANG_WARN_BLOCK_CAPTURE_AUTORELEASING = YES;
				CLANG_WARN_BOOL_CONVERSION = YES;
				CLANG_WARN_COMMA = YES;
				CLANG_WARN_CONSTANT_CONVERSION = YES;
				CLANG_WARN_DEPRECATED_OBJC_IMPLEMENTATIONS = YES;
				CLANG_WARN_DIRECT_OBJC_ISA_USAGE = YES_ERROR;
				CLANG_WARN_DOCUMENTATION_COMMENTS = YES;
				CLANG_WARN_EMPTY_BODY = YES;
				CLANG_WARN_ENUM_CONVERSION = YES;
				CLANG_WARN_INFINITE_RECURSION = YES;
				CLANG_WARN_INT_CONVERSION = YES;
				CLANG_WARN_NON_LITERAL_NULL_CONVERSION = YES;
				CLANG_WARN_OBJC_IMPLICIT_RETAIN_SELF = YES;
				CLANG_WARN_OBJC_LITERAL_CONVERSION = YES;
				CLANG_WARN_OBJC_ROOT_CLASS = YES_ERROR;
				CLANG_WARN_QUOTED_INCLUDE_IN_FRAMEWORK_HEADER = YES;
				CLANG_WARN_RANGE_LOOP_ANALYSIS = YES;
				CLANG_WARN_STRICT_PROTOTYPES = YES;
				CLANG_WARN_SUSPICIOUS_MOVE = YES;
				CLANG_WARN_UNGUARDED_AVAILABILITY = YES_AGGRESSIVE;
				CLANG_WARN_UNREACHABLE_CODE = YES;
				CLANG_WARN__DUPLICATE_METHOD_MATCH = YES;
				COPY_PHASE_STRIP = NO;
				DEBUG_INFORMATION_FORMAT = dwarf;
				ENABLE_STRICT_OBJC_MSGSEND = YES;
				ENABLE_TESTABILITY = YES;
				GCC_C_LANGUAGE_STANDARD = gnu11;
				GCC_DYNAMIC_NO_PIC = NO;
				GCC_NO_COMMON_BLOCKS = YES;
				GCC_OPTIMIZATION_LEVEL = 0;
				GCC_PREPROCESSOR_DEFINITIONS = (
					"DEBUG=1",
					"$(inherited)",
				);
				GCC_WARN_64_TO_32_BIT_CONVERSION = YES;
				GCC_WARN_ABOUT_RETURN_TYPE = YES_ERROR;
				GCC_WARN_UNDECLARED_SELECTOR = YES;
				GCC_WARN_UNINITIALIZED_AUTOS = YES_AGGRESSIVE;
				GCC_WARN_UNUSED_FUNCTION = YES;
				GCC_WARN_UNUSED_VARIABLE = YES;
				IPHONEOS_DEPLOYMENT_TARGET = 14.5;
				MTL_ENABLE_DEBUG_INFO = INCLUDE_SOURCE;
				MTL_FAST_MATH = YES;
				ONLY_ACTIVE_ARCH = YES;
				SDKROOT = iphoneos;
				SWIFT_ACTIVE_COMPILATION_CONDITIONS = DEBUG;
				SWIFT_OPTIMIZATION_LEVEL = "-Onone";
			};
			name = Debug;
		};
		BF07572E272D9DCE00888D55 /* Release */ = {
			isa = XCBuildConfiguration;
			buildSettings = {
				ALWAYS_SEARCH_USER_PATHS = NO;
				CLANG_ANALYZER_NONNULL = YES;
				CLANG_ANALYZER_NUMBER_OBJECT_CONVERSION = YES_AGGRESSIVE;
				CLANG_CXX_LANGUAGE_STANDARD = "gnu++14";
				CLANG_CXX_LIBRARY = "libc++";
				CLANG_ENABLE_MODULES = YES;
				CLANG_ENABLE_OBJC_ARC = YES;
				CLANG_ENABLE_OBJC_WEAK = YES;
				CLANG_WARN_BLOCK_CAPTURE_AUTORELEASING = YES;
				CLANG_WARN_BOOL_CONVERSION = YES;
				CLANG_WARN_COMMA = YES;
				CLANG_WARN_CONSTANT_CONVERSION = YES;
				CLANG_WARN_DEPRECATED_OBJC_IMPLEMENTATIONS = YES;
				CLANG_WARN_DIRECT_OBJC_ISA_USAGE = YES_ERROR;
				CLANG_WARN_DOCUMENTATION_COMMENTS = YES;
				CLANG_WARN_EMPTY_BODY = YES;
				CLANG_WARN_ENUM_CONVERSION = YES;
				CLANG_WARN_INFINITE_RECURSION = YES;
				CLANG_WARN_INT_CONVERSION = YES;
				CLANG_WARN_NON_LITERAL_NULL_CONVERSION = YES;
				CLANG_WARN_OBJC_IMPLICIT_RETAIN_SELF = YES;
				CLANG_WARN_OBJC_LITERAL_CONVERSION = YES;
				CLANG_WARN_OBJC_ROOT_CLASS = YES_ERROR;
				CLANG_WARN_QUOTED_INCLUDE_IN_FRAMEWORK_HEADER = YES;
				CLANG_WARN_RANGE_LOOP_ANALYSIS = YES;
				CLANG_WARN_STRICT_PROTOTYPES = YES;
				CLANG_WARN_SUSPICIOUS_MOVE = YES;
				CLANG_WARN_UNGUARDED_AVAILABILITY = YES_AGGRESSIVE;
				CLANG_WARN_UNREACHABLE_CODE = YES;
				CLANG_WARN__DUPLICATE_METHOD_MATCH = YES;
				COPY_PHASE_STRIP = NO;
				DEBUG_INFORMATION_FORMAT = "dwarf-with-dsym";
				ENABLE_NS_ASSERTIONS = NO;
				ENABLE_STRICT_OBJC_MSGSEND = YES;
				GCC_C_LANGUAGE_STANDARD = gnu11;
				GCC_NO_COMMON_BLOCKS = YES;
				GCC_WARN_64_TO_32_BIT_CONVERSION = YES;
				GCC_WARN_ABOUT_RETURN_TYPE = YES_ERROR;
				GCC_WARN_UNDECLARED_SELECTOR = YES;
				GCC_WARN_UNINITIALIZED_AUTOS = YES_AGGRESSIVE;
				GCC_WARN_UNUSED_FUNCTION = YES;
				GCC_WARN_UNUSED_VARIABLE = YES;
				IPHONEOS_DEPLOYMENT_TARGET = 14.5;
				MTL_ENABLE_DEBUG_INFO = NO;
				MTL_FAST_MATH = YES;
				SDKROOT = iphoneos;
				SWIFT_COMPILATION_MODE = wholemodule;
				SWIFT_OPTIMIZATION_LEVEL = "-O";
				VALIDATE_PRODUCT = YES;
			};
			name = Release;
		};
		BF075730272D9DCE00888D55 /* Debug */ = {
			isa = XCBuildConfiguration;
			buildSettings = {
				ASSETCATALOG_COMPILER_APPICON_NAME = AppIcon;
				ASSETCATALOG_COMPILER_GLOBAL_ACCENT_COLOR_NAME = AccentColor;
				CODE_SIGN_STYLE = Automatic;
				DEVELOPMENT_ASSET_PATHS = "\"DecoteTest/Preview Content\"";
				DEVELOPMENT_TEAM = HGNXB64TGD;
				ENABLE_PREVIEWS = YES;
				INFOPLIST_FILE = DecoteTest/Info.plist;
				IPHONEOS_DEPLOYMENT_TARGET = 14.0;
				LD_RUNPATH_SEARCH_PATHS = (
					"$(inherited)",
					"@executable_path/Frameworks",
				);
				PRODUCT_BUNDLE_IDENTIFIER = com.DecoteTest;
				PRODUCT_NAME = "$(TARGET_NAME)";
				SWIFT_VERSION = 5.0;
				TARGETED_DEVICE_FAMILY = "1,2";
			};
			name = Debug;
		};
		BF075731272D9DCE00888D55 /* Release */ = {
			isa = XCBuildConfiguration;
			buildSettings = {
				ASSETCATALOG_COMPILER_APPICON_NAME = AppIcon;
				ASSETCATALOG_COMPILER_GLOBAL_ACCENT_COLOR_NAME = AccentColor;
				CODE_SIGN_STYLE = Automatic;
				DEVELOPMENT_ASSET_PATHS = "\"DecoteTest/Preview Content\"";
				DEVELOPMENT_TEAM = HGNXB64TGD;
				ENABLE_PREVIEWS = YES;
				INFOPLIST_FILE = DecoteTest/Info.plist;
				IPHONEOS_DEPLOYMENT_TARGET = 14.0;
				LD_RUNPATH_SEARCH_PATHS = (
					"$(inherited)",
					"@executable_path/Frameworks",
				);
				PRODUCT_BUNDLE_IDENTIFIER = com.DecoteTest;
				PRODUCT_NAME = "$(TARGET_NAME)";
				SWIFT_VERSION = 5.0;
				TARGETED_DEVICE_FAMILY = "1,2";
			};
			name = Release;
		};
/* End XCBuildConfiguration section */

/* Begin XCConfigurationList section */
		BF075716272D9DBF00888D55 /* Build configuration list for PBXProject "DecoteTest" */ = {
			isa = XCConfigurationList;
			buildConfigurations = (
				BF07572D272D9DCE00888D55 /* Debug */,
				BF07572E272D9DCE00888D55 /* Release */,
			);
			defaultConfigurationIsVisible = 0;
			defaultConfigurationName = Release;
		};
		BF07572F272D9DCE00888D55 /* Build configuration list for PBXNativeTarget "DecoteTest" */ = {
			isa = XCConfigurationList;
			buildConfigurations = (
				BF075730272D9DCE00888D55 /* Debug */,
				BF075731272D9DCE00888D55 /* Release */,
			);
			defaultConfigurationIsVisible = 0;
			defaultConfigurationName = Release;
		};
/* End XCConfigurationList section */

/* Begin XCVersionGroup section */
		BF075729272D9DCE00888D55 /* DecoteTest.xcdatamodeld */ = {
			isa = XCVersionGroup;
			children = (
				BF07572A272D9DCE00888D55 /* DecoteTest.xcdatamodel */,
			);
			currentVersion = BF07572A272D9DCE00888D55 /* DecoteTest.xcdatamodel */;
			path = DecoteTest.xcdatamodeld;
			sourceTree = "<group>";
			versionGroupType = wrapper.xcdatamodel;
		};
/* End XCVersionGroup section */
	};
	rootObject = BF075713272D9DBF00888D55 /* Project object */;
}
